
Microsoft Visual Studio Solution File, Format Version 12.00
# Visual Studio Version 17
VisualStudioVersion = 17.8.34316.72
MinimumVisualStudioVersion = 10.0.40219.1
Project("{FAE04EC0-301F-11D3-BF4B-00C04F79EFBC}") = "edu.numeroEnteroEjercicio2.nrojlla", "edu.numeroEnteroEjercicio2.nrojlla.csproj", "{E8CFB4B7-ABC7-4155-B340-46F94A81BC72}"
EndProject
Global
	GlobalSection(SolutionConfigurationPlatforms) = preSolution
		Debug|Any CPU = Debug|Any CPU
		Release|Any CPU = Release|Any CPU
	EndGlobalSection
	GlobalSection(ProjectConfigurationPlatforms) = postSolution
		{E8CFB4B7-ABC7-4155-B340-46F94A81BC72}.Debug|Any CPU.ActiveCfg = Debug|Any CPU
		{E8CFB4B7-ABC7-4155-B340-46F94A81BC72}.Debug|Any CPU.Build.0 = Debug|Any CPU
		{E8CFB4B7-ABC7-4155-B340-46F94A81BC72}.Release|Any CPU.ActiveCfg = Release|Any CPU
		{E8CFB4B7-ABC7-4155-B340-46F94A81BC72}.Release|Any CPU.Build.0 = Release|Any CPU
	EndGlobalSection
	GlobalSection(SolutionProperties) = preSolution
		HideSolutionNode = FALSE
	EndGlobalSection
	GlobalSection(ExtensibilityGlobals) = postSolution
		SolutionGuid = {A9A626E2-ABA1-434A-8E50-4B35BFA85417}
	EndGlobalSection
EndGlobal
